
Microsoft Visual Studio Solution File, Format Version 12.00
# Visual Studio Version 16
VisualStudioVersion = 16.0.28822.285
MinimumVisualStudioVersion = 10.0.40219.1
Project("{9A19103F-16F7-4668-BE54-9A1E7A4F7556}") = "BlazorVirtualScrolling", "BlazorVirtualScrolling\BlazorVirtualScrolling.csproj", "{4416C262-1CFB-4A33-BC0C-7ACDB815E6DD}"
EndProject
Project("{9A19103F-16F7-4668-BE54-9A1E7A4F7556}") = "BlazorVirtualScrolling.App", "BlazorVirtualScrolling.App\BlazorVirtualScrolling.App.csproj", "{FDE2D90E-76A9-4E85-8796-7258491B34F7}"
EndProject
Global
	GlobalSection(SolutionConfigurationPlatforms) = preSolution
		Debug|Any CPU = Debug|Any CPU
		Release|Any CPU = Release|Any CPU
	EndGlobalSection
	GlobalSection(ProjectConfigurationPlatforms) = postSolution
		{4416C262-1CFB-4A33-BC0C-7ACDB815E6DD}.Debug|Any CPU.ActiveCfg = Debug|Any CPU
		{4416C262-1CFB-4A33-BC0C-7ACDB815E6DD}.Debug|Any CPU.Build.0 = Debug|Any CPU
		{4416C262-1CFB-4A33-BC0C-7ACDB815E6DD}.Release|Any CPU.ActiveCfg = Release|Any CPU
		{4416C262-1CFB-4A33-BC0C-7ACDB815E6DD}.Release|Any CPU.Build.0 = Release|Any CPU
		{FDE2D90E-76A9-4E85-8796-7258491B34F7}.Debug|Any CPU.ActiveCfg = Debug|Any CPU
		{FDE2D90E-76A9-4E85-8796-7258491B34F7}.Debug|Any CPU.Build.0 = Debug|Any CPU
		{FDE2D90E-76A9-4E85-8796-7258491B34F7}.Release|Any CPU.ActiveCfg = Release|Any CPU
		{FDE2D90E-76A9-4E85-8796-7258491B34F7}.Release|Any CPU.Build.0 = Release|Any CPU
	EndGlobalSection
	GlobalSection(SolutionProperties) = preSolution
		HideSolutionNode = FALSE
	EndGlobalSection
	GlobalSection(ExtensibilityGlobals) = postSolution
		SolutionGuid = {70EDD308-9207-4B73-8BC3-5E650AC9452F}
	EndGlobalSection
EndGlobal
